PODS:
  - GoogleMaps (2.1.1):
    - GoogleMaps/Maps (= 2.1.1)
  - GoogleMaps/Base (2.1.1)
  - GoogleMaps/Maps (2.1.1):
    - GoogleMaps/Base
  - HockeySDK/AllFeaturesLib (5.1.2)
  - React (0.44.3):
    - React/Core (= 0.44.3)
  - React/Core (0.44.3):
    - React/cxxreact
    - Yoga (= 0.44.3.React)
  - React/cxxreact (0.44.3):
    - React/jschelpers
  - React/jschelpers (0.44.3)
  - RNDeviceInfo (0.9.3):
    - React
  - Yoga (0.44.3.React)

DEPENDENCIES:
  - GoogleMaps (~> 2.1.1)
  - HockeySDK/AllFeaturesLib
  - React (from `../node_modules/react-native`)
  - RNDeviceInfo (from `../node_modules/react-native-device-info/`)
  - Yoga (from `../node_modules/react-native/ReactCommon/yoga`)

EXTERNAL SOURCES:
  React:
    :path: ../node_modules/react-native
  RNDeviceInfo:
    :path: ../node_modules/react-native-device-info/
  Yoga:
    :path: ../node_modules/react-native/ReactCommon/yoga

SPEC CHECKSUMS:
  GoogleMaps: a5b5bbe47734e2443bde781a6aa64e69fdb6d785
  HockeySDK: 38b7e2726af1ea86ae97ce4b5de33ab0817e3500
  React: e53535491f7b382b8cd681428dd853159bf25545
  RNDeviceInfo: b375b3374cda3203d6d48cea8c07e46ba1169e26
  Yoga: f2b1f5b59fadb774a3dd9932a7cf813c6e284d71

PODFILE CHECKSUM: 9bdb7c96bbc05c0b487212e70a05397299bf2620

COCOAPODS: 1.4.0
